// !$*UTF8*$!
{
	archiveVersion = 1;
	classes = {
	};
	objectVersion = 50;
	objects = {

/* Begin PBXBuildFile section */
		7A17A20E224CE689007FAC2B /* ViewController.swift in Sources */ = {isa = PBXBuildFile; fileRef = 7A17A20D224CE689007FAC2B /* ViewController.swift */; };
		7A17A210224CF127007FAC2B /* ThirdViewController.swift in Sources */ = {isa = PBXBuildFile; fileRef = 7A17A20F224CF127007FAC2B /* ThirdViewController.swift */; };
		7AA11A7B224A6EDF009AF2BF /* AppDelegate.swift in Sources */ = {isa = PBXBuildFile; fileRef = 7AA11A7A224A6EDF009AF2BF /* AppDelegate.swift */; };
		7AA11A80224A6EDF009AF2BF /* Main.storyboard in Resources */ = {isa = PBXBuildFile; fileRef = 7AA11A7E224A6EDF009AF2BF /* Main.storyboard */; };
		7AA11A82224A6EE2009AF2BF /* Assets.xcassets in Resources */ = {isa = PBXBuildFile; fileRef = 7AA11A81224A6EE2009AF2BF /* Assets.xcassets */; };
		7AA11A85224A6EE2009AF2BF /* LaunchScreen.storyboard in Resources */ = {isa = PBXBuildFile; fileRef = 7AA11A83224A6EE2009AF2BF /* LaunchScreen.storyboard */; };
		7AA11AC1224AB432009AF2BF /* ScrollViewController.swift in Sources */ = {isa = PBXBuildFile; fileRef = 7AA11AC0224AB432009AF2BF /* ScrollViewController.swift */; };
/* End PBXBuildFile section */

/* Begin PBXFileReference section */
		7A17A20D224CE689007FAC2B /* ViewController.swift */ = {isa = PBXFileReference; lastKnownFileType = sourcecode.swift; path = ViewController.swift; sourceTree = "<group>"; };
		7A17A20F224CF127007FAC2B /* ThirdViewController.swift */ = {isa = PBXFileReference; lastKnownFileType = sourcecode.swift; path = ThirdViewController.swift; sourceTree = "<group>"; };
		7AA11A77224A6EDF009AF2BF /* ImagePinchToZoom.app */ = {isa = PBXFileReference; explicitFileType = wrapper.application; includeInIndex = 0; path = ImagePinchToZoom.app; sourceTree = BUILT_PRODUCTS_DIR; };
		7AA11A7A224A6EDF009AF2BF /* AppDelegate.swift */ = {isa = PBXFileReference; lastKnownFileType = sourcecode.swift; path = AppDelegate.swift; sourceTree = "<group>"; };
		7AA11A7F224A6EDF009AF2BF /* Base */ = {isa = PBXFileReference; lastKnownFileType = file.storyboard; name = Base; path = Base.lproj/Main.storyboard; sourceTree = "<group>"; };
		7AA11A81224A6EE2009AF2BF /* Assets.xcassets */ = {isa = PBXFileReference; lastKnownFileType = folder.assetcatalog; path = Assets.xcassets; sourceTree = "<group>"; };
		7AA11A84224A6EE2009AF2BF /* Base */ = {isa = PBXFileReference; lastKnownFileType = file.storyboard; name = Base; path = Base.lproj/LaunchScreen.storyboard; sourceTree = "<group>"; };
		7AA11A86224A6EE2009AF2BF /* Info.plist */ = {isa = PBXFileReference; lastKnownFileType = text.plist.xml; path = Info.plist; sourceTree = "<group>"; };
		7AA11AC0224AB432009AF2BF /* ScrollViewController.swift */ = {isa = PBXFileReference; lastKnownFileType = sourcecode.swift; path = ScrollViewController.swift; sourceTree = "<group>"; };
/* End PBXFileReference section */

/* Begin PBXFrameworksBuildPhase section */
		7AA11A74224A6EDF009AF2BF /* Frameworks */ = {
			isa = PBXFrameworksBuildPhase;
			buildActionMask = 2147483647;
			files = (
			);
			runOnlyForDeploymentPostprocessing = 0;
		};
/* End PBXFrameworksBuildPhase section */

/* Begin PBXGroup section */
		7AA11A6E224A6EDE009AF2BF = {
			isa = PBXGroup;
			children = (
				7AA11A79224A6EDF009AF2BF /* ImagePinchToZoom */,
				7AA11A78224A6EDF009AF2BF /* Products */,
			);
			sourceTree = "<group>";
		};
		7AA11A78224A6EDF009AF2BF /* Products */ = {
			isa = PBXGroup;
			children = (
				7AA11A77224A6EDF009AF2BF /* ImagePinchToZoom.app */,
			);
			name = Products;
			sourceTree = "<group>";
		};
		7AA11A79224A6EDF009AF2BF /* ImagePinchToZoom */ = {
			isa = PBXGroup;
			children = (
				7AA11A7A224A6EDF009AF2BF /* AppDelegate.swift */,
				7A17A20D224CE689007FAC2B /* ViewController.swift */,
				7AA11AC0224AB432009AF2BF /* ScrollViewController.swift */,
				7A17A20F224CF127007FAC2B /* ThirdViewController.swift */,
				7AA11A7E224A6EDF009AF2BF /* Main.storyboard */,
				7AA11A81224A6EE2009AF2BF /* Assets.xcassets */,
				7AA11A83224A6EE2009AF2BF /* LaunchScreen.storyboard */,
				7AA11A86224A6EE2009AF2BF /* Info.plist */,
			);
			path = ImagePinchToZoom;
			sourceTree = "<group>";
		};
/* End PBXGroup section */

/* Begin PBXNativeTarget section */
		7AA11A76224A6EDF009AF2BF /* ImagePinchToZoom */ = {
			isa = PBXNativeTarget;
			buildConfigurationList = 7AA11A89224A6EE2009AF2BF /* Build configuration list for PBXNativeTarget "ImagePinchToZoom" */;
			buildPhases = (
				7AA11A73224A6EDF009AF2BF /* Sources */,
				7AA11A74224A6EDF009AF2BF /* Frameworks */,
				7AA11A75224A6EDF009AF2BF /* Resources */,
			);
			buildRules = (
			);
			dependencies = (
			);
			name = ImagePinchToZoom;
			productName = ImagePinchToZoom;
			productReference = 7AA11A77224A6EDF009AF2BF /* ImagePinchToZoom.app */;
			productType = "com.apple.product-type.application";
		};
/* End PBXNativeTarget section */

/* Begin PBXProject section */
		7AA11A6F224A6EDF009AF2BF /* Project object */ = {
			isa = PBXProject;
			attributes = {
				LastSwiftUpdateCheck = 1020;
				LastUpgradeCheck = 1020;
				ORGANIZATIONNAME = "Nelson Gonzalez";
				TargetAttributes = {
					7AA11A76224A6EDF009AF2BF = {
						CreatedOnToolsVersion = 10.2;
					};
				};
			};
			buildConfigurationList = 7AA11A72224A6EDF009AF2BF /* Build configuration list for PBXProject "ImagePinchToZoom" */;
			compatibilityVersion = "Xcode 9.3";
			developmentRegion = en;
			hasScannedForEncodings = 0;
			knownRegions = (
				en,
				Base,
			);
			mainGroup = 7AA11A6E224A6EDE009AF2BF;
			productRefGroup = 7AA11A78224A6EDF009AF2BF /* Products */;
			projectDirPath = "";
			projectRoot = "";
			targets = (
				7AA11A76224A6EDF009AF2BF /* ImagePinchToZoom */,
			);
		};
/* End PBXProject section */

/* Begin PBXResourcesBuildPhase section */
		7AA11A75224A6EDF009AF2BF /* Resources */ = {
			isa = PBXResourcesBuildPhase;
			buildActionMask = 2147483647;
			files = (
				7AA11A85224A6EE2009AF2BF /* LaunchScreen.storyboard in Resources */,
				7AA11A82224A6EE2009AF2BF /* Assets.xcassets in Resources */,
				7AA11A80224A6EDF009AF2BF /* Main.storyboard in Resources */,
			);
			runOnlyForDeploymentPostprocessing = 0;
		};
/* End PBXResourcesBuildPhase section */

/* Begin PBXSourcesBuildPhase section */
		7AA11A73224A6EDF009AF2BF /* Sources */ = {
			isa = PBXSourcesBuildPhase;
			buildActionMask = 2147483647;
			files = (
				7A17A20E224CE689007FAC2B /* ViewController.swift in Sources */,
				7AA11A7B224A6EDF009AF2BF /* AppDelegate.swift in Sources */,
				7A17A210224CF127007FAC2B /* ThirdViewController.swift in Sources */,
				7AA11AC1224AB432009AF2BF /* ScrollViewController.swift in Sources */,
			);
			runOnlyForDeploymentPostprocessing = 0;
		};
/* End PBXSourcesBuildPhase section */

/* Begin PBXVariantGroup section */
		7AA11A7E224A6EDF009AF2BF /* Main.storyboard */ = {
			isa = PBXVariantGroup;
			children = (
				7AA11A7F224A6EDF009AF2BF /* Base */,
			);
			name = Main.storyboard;
			sourceTree = "<group>";
		};
		7AA11A83224A6EE2009AF2BF /* LaunchScreen.storyboard */ = {
			isa = PBXVariantGroup;
			children = (
				7AA11A84224A6EE2009AF2BF /* Base */,
			);
			name = LaunchScreen.storyboard;
			sourceTree = "<group>";
		};
/* End PBXVariantGroup section */

/* Begin XCBuildConfiguration section */
		7AA11A87224A6EE2009AF2BF /* Debug */ = {
			isa = XCBuildConfiguration;
			buildSettings = {
				ALWAYS_SEARCH_USER_PATHS = NO;
				CLANG_ANALYZER_NONNULL = YES;
				CLANG_ANALYZER_NUMBER_OBJECT_CONVERSION = YES_AGGRESSIVE;
				CLANG_CXX_LANGUAGE_STANDARD = "gnu++14";
				CLANG_CXX_LIBRARY = "libc++";
				CLANG_ENABLE_MODULES = YES;
				CLANG_ENABLE_OBJC_ARC = YES;
				CLANG_ENABLE_OBJC_WEAK = YES;
				CLANG_WARN_BLOCK_CAPTURE_AUTORELEASING = YES;
				CLANG_WARN_BOOL_CONVERSION = YES;
				CLANG_WARN_COMMA = YES;
				CLANG_WARN_CONSTANT_CONVERSION = YES;
				CLANG_WARN_DEPRECATED_OBJC_IMPLEMENTATIONS = YES;
				CLANG_WARN_DIRECT_OBJC_ISA_USAGE = YES_ERROR;
				CLANG_WARN_DOCUMENTATION_COMMENTS = YES;
				CLANG_WARN_EMPTY_BODY = YES;
				CLANG_WARN_ENUM_CONVERSION = YES;
				CLANG_WARN_INFINITE_RECURSION = YES;
				CLANG_WARN_INT_CONVERSION = YES;
				CLANG_WARN_NON_LITERAL_NULL_CONVERSION = YES;
				CLANG_WARN_OBJC_IMPLICIT_RETAIN_SELF = YES;
				CLANG_WARN_OBJC_LITERAL_CONVERSION = YES;
				CLANG_WARN_OBJC_ROOT_CLASS = YES_ERROR;
				CLANG_WARN_RANGE_LOOP_ANALYSIS = YES;
				CLANG_WARN_STRICT_PROTOTYPES = YES;
				CLANG_WARN_SUSPICIOUS_MOVE = YES;
				CLANG_WARN_UNGUARDED_AVAILABILITY = YES_AGGRESSIVE;
				CLANG_WARN_UNREACHABLE_CODE = YES;
				CLANG_WARN__DUPLICATE_METHOD_MATCH = YES;
				CODE_SIGN_IDENTITY = "iPhone Developer";
				COPY_PHASE_STRIP = NO;
				DEBUG_INFORMATION_FORMAT = dwarf;
				ENABLE_STRICT_OBJC_MSGSEND = YES;
				ENABLE_TESTABILITY = YES;
				GCC_C_LANGUAGE_STANDARD = gnu11;
				GCC_DYNAMIC_NO_PIC = NO;
				GCC_NO_COMMON_BLOCKS = YES;
				GCC_OPTIMIZATION_LEVEL = 0;
				GCC_PREPROCESSOR_DEFINITIONS = (
					"DEBUG=1",
					"$(inherited)",
				);
				GCC_WARN_64_TO_32_BIT_CONVERSION = YES;
				GCC_WARN_ABOUT_RETURN_TYPE = YES_ERROR;
				GCC_WARN_UNDECLARED_SELECTOR = YES;
				GCC_WARN_UNINITIALIZED_AUTOS = YES_AGGRESSIVE;
				GCC_WARN_UNUSED_FUNCTION = YES;
				GCC_WARN_UNUSED_VARIABLE = YES;
				IPHONEOS_DEPLOYMENT_TARGET = 12.2;
				MTL_ENABLE_DEBUG_INFO = INCLUDE_SOURCE;
				MTL_FAST_MATH = YES;
				ONLY_ACTIVE_ARCH = YES;
				SDKROOT = iphoneos;
				SWIFT_ACTIVE_COMPILATION_CONDITIONS = DEBUG;
				SWIFT_OPTIMIZATION_LEVEL = "-Onone";
			};
			name = Debug;
		};
		7AA11A88224A6EE2009AF2BF /* Release */ = {
			isa = XCBuildConfiguration;
			buildSettings = {
				ALWAYS_SEARCH_USER_PATHS = NO;
				CLANG_ANALYZER_NONNULL = YES;
				CLANG_ANALYZER_NUMBER_OBJECT_CONVERSION = YES_AGGRESSIVE;
				CLANG_CXX_LANGUAGE_STANDARD = "gnu++14";
				CLANG_CXX_LIBRARY = "libc++";
				CLANG_ENABLE_MODULES = YES;
				CLANG_ENABLE_OBJC_ARC = YES;
				CLANG_ENABLE_OBJC_WEAK = YES;
				CLANG_WARN_BLOCK_CAPTURE_AUTORELEASING = YES;
				CLANG_WARN_BOOL_CONVERSION = YES;
				CLANG_WARN_COMMA = YES;
				CLANG_WARN_CONSTANT_CONVERSION = YES;
				CLANG_WARN_DEPRECATED_OBJC_IMPLEMENTATIONS = YES;
				CLANG_WARN_DIRECT_OBJC_ISA_USAGE = YES_ERROR;
				CLANG_WARN_DOCUMENTATION_COMMENTS = YES;
				CLANG_WARN_EMPTY_BODY = YES;
				CLANG_WARN_ENUM_CONVERSION = YES;
				CLANG_WARN_INFINITE_RECURSION = YES;
				CLANG_WARN_INT_CONVERSION = YES;
				CLANG_WARN_NON_LITERAL_NULL_CONVERSION = YES;
				CLANG_WARN_OBJC_IMPLICIT_RETAIN_SELF = YES;
				CLANG_WARN_OBJC_LITERAL_CONVERSION = YES;
				CLANG_WARN_OBJC_ROOT_CLASS = YES_ERROR;
				CLANG_WARN_RANGE_LOOP_ANALYSIS = YES;
				CLANG_WARN_STRICT_PROTOTYPES = YES;
				CLANG_WARN_SUSPICIOUS_MOVE = YES;
				CLANG_WARN_UNGUARDED_AVAILABILITY = YES_AGGRESSIVE;
				CLANG_WARN_UNREACHABLE_CODE = YES;
				CLANG_WARN__DUPLICATE_METHOD_MATCH = YES;
				CODE_SIGN_IDENTITY = "iPhone Developer";
				COPY_PHASE_STRIP = NO;
				DEBUG_INFORMATION_FORMAT = "dwarf-with-dsym";
				ENABLE_NS_ASSERTIONS = NO;
				ENABLE_STRICT_OBJC_MSGSEND = YES;
				GCC_C_LANGUAGE_STANDARD = gnu11;
				GCC_NO_COMMON_BLOCKS = YES;
				GCC_WARN_64_TO_32_BIT_CONVERSION = YES;
				GCC_WARN_ABOUT_RETURN_TYPE = YES_ERROR;
				GCC_WARN_UNDECLARED_SELECTOR = YES;
				GCC_WARN_UNINITIALIZED_AUTOS = YES_AGGRESSIVE;
				GCC_WARN_UNUSED_FUNCTION = YES;
				GCC_WARN_UNUSED_VARIABLE = YES;
				IPHONEOS_DEPLOYMENT_TARGET = 12.2;
				MTL_ENABLE_DEBUG_INFO = NO;
				MTL_FAST_MATH = YES;
				SDKROOT = iphoneos;
				SWIFT_COMPILATION_MODE = wholemodule;
				SWIFT_OPTIMIZATION_LEVEL = "-O";
				VALIDATE_PRODUCT = YES;
			};
			name = Release;
		};
		7AA11A8A224A6EE2009AF2BF /* Debug */ = {
			isa = XCBuildConfiguration;
			buildSettings = {
				ASSETCATALOG_COMPILER_APPICON_NAME = AppIcon;
				CODE_SIGN_STYLE = Automatic;
				DEVELOPMENT_TEAM = ZD9LN99SX6;
				INFOPLIST_FILE = ImagePinchToZoom/Info.plist;
				LD_RUNPATH_SEARCH_PATHS = (
					"$(inherited)",
					"@executable_path/Frameworks",
				);
				PRODUCT_BUNDLE_IDENTIFIER = com.nelsongonzalez.ImagePinchToZoom;
				PRODUCT_NAME = "$(TARGET_NAME)";
				SWIFT_VERSION = 5.0;
				TARGETED_DEVICE_FAMILY = "1,2";
			};
			name = Debug;
		};
		7AA11A8B224A6EE2009AF2BF /* Release */ = {
			isa = XCBuildConfiguration;
			buildSettings = {
				ASSETCATALOG_COMPILER_APPICON_NAME = AppIcon;
				CODE_SIGN_STYLE = Automatic;
				DEVELOPMENT_TEAM = ZD9LN99SX6;
				INFOPLIST_FILE = ImagePinchToZoom/Info.plist;
				LD_RUNPATH_SEARCH_PATHS = (
					"$(inherited)",
					"@executable_path/Frameworks",
				);
				PRODUCT_BUNDLE_IDENTIFIER = com.nelsongonzalez.ImagePinchToZoom;
				PRODUCT_NAME = "$(TARGET_NAME)";
				SWIFT_VERSION = 5.0;
				TARGETED_DEVICE_FAMILY = "1,2";
			};
			name = Release;
		};
/* End XCBuildConfiguration section */

/* Begin XCConfigurationList section */
		7AA11A72224A6EDF009AF2BF /* Build configuration list for PBXProject "ImagePinchToZoom" */ = {
			isa = XCConfigurationList;
			buildConfigurations = (
				7AA11A87224A6EE2009AF2BF /* Debug */,
				7AA11A88224A6EE2009AF2BF /* Release */,
			);
			defaultConfigurationIsVisible = 0;
			defaultConfigurationName = Release;
		};
		7AA11A89224A6EE2009AF2BF /* Build configuration list for PBXNativeTarget "ImagePinchToZoom" */ = {
			isa = XCConfigurationList;
			buildConfigurations = (
				7AA11A8A224A6EE2009AF2BF /* Debug */,
				7AA11A8B224A6EE2009AF2BF /* Release */,
			);
			defaultConfigurationIsVisible = 0;
			defaultConfigurationName = Release;
		};
/* End XCConfigurationList section */
	};
	rootObject = 7AA11A6F224A6EDF009AF2BF /* Project object */;
}
